<?xml version="1.0" encoding="utf-8"?>
<Project ToolsVersion="4.0" xmlns="http://schemas.microsoft.com/developer/msbuild/2003">
  <ItemGroup>
    <Filter Include="Source Files">
      <UniqueIdentifier>{4FC737F1-C7A5-4376-A066-2A32D752A2FF}</UniqueIdentifier>
      <Extensions>cpp;c;cc;cxx;def;odl;idl;hpj;bat;asm;asmx</Extensions>
    </Filter>
    <Filter Include="Header Files">
      <UniqueIdentifier>{93995380-89BD-4b04-88EB-625FBE52EBFB}</UniqueIdentifier>
      <Extensions>h;hpp;hxx;hm;inl;inc;xsd</Extensions>
    </Filter>
    <Filter Include="Resource Files">
      <UniqueIdentifier>{67DA6AB6-F800-4c08-8B7A-83BB121AAD01}</UniqueIdentifier>
      <Extensions>rc;ico;cur;bmp;dlg;rc2;rct;bin;rgs;gif;jpg;jpeg;jpe;resx;tiff;tif;png;wav;mfcribbon-ms</Extensions>
    </Filter>
    <Filter Include="FX">
      <UniqueIdentifier>{2a0a3d00-c8d0-4eb0-b699-13ed08d8ac67}</UniqueIdentifier>
    </Filter>
    <Filter Include="Common">
      <UniqueIdentifier>{4a1a49b1-2630-45e0-a196-3ddfd4b58bc4}</UniqueIdentifier>
    </Filter>
    <Filter Include="Models">
      <UniqueIdentifier>{ff1bf9e4-b328-4fc6-94d0-b6569d2e79ea}</UniqueIdentifier>
    </Filter>
  </ItemGroup>
  <ItemGroup>
    <None Include="color.fx">
      <Filter>FX</Filter>
    </None>
    <None Include="Lighting.fx">
      <Filter>FX</Filter>
    </None>
    <None Include="Basic.fx">
      <Filter>FX</Filter>
    </None>
    <None Include="sp2_648.obj">
      <Filter>Models</Filter>
    </None>
    <None Include="sp2_648.mtl">
      <Filter>Models</Filter>
    </None>
    <None Include="simpleBox5.obj">
      <Filter>Models</Filter>
    </None>
    <None Include="simpleBox5.mtl">
      <Filter>Models</Filter>
    </None>
    <None Include="car.txt">
      <Filter>Models</Filter>
    </None>
    <None Include="skull.txt">
      <Filter>Models</Filter>
    </None>
    <None Include="sp2_648.bmp">
      <Filter>Resource Files</Filter>
    </None>
    <None Include="Basic32.fx">
      <Filter>FX</Filter>
    </None>
    <None Include="darkbrick.bmp">
      <Filter>Resource Files</Filter>
    </None>
    <None Include="darkbrickdxt1.dds">
      <Filter>Resource Files</Filter>
    </None>
    <None Include="WoodCrate01.dds">
      <Filter>Resource Files</Filter>
    </None>
    <None Include="WoodCrate02.dds">
      <Filter>Resource Files</Filter>
    </None>
    <None Include="grass.dds">
      <Filter>Resource Files</Filter>
    </None>
    <None Include="water2.dds">
      <Filter>Resource Files</Filter>
    </None>
    <None Include="water1.dds">
      <Filter>Resource Files</Filter>
    </None>
    <None Include="WireFence.dds">
      <Filter>Resource Files</Filter>
    </None>
    <None Include="Basic32BF.fx">
      <Filter>FX</Filter>
    </None>
    <None Include="Blur.fx">
      <Filter>FX</Filter>
    </None>
    <None Include="f8bb7ef71b1e29a6cabf59dfb6f9e38f.jpg">
      <Filter>Resource Files</Filter>
    </None>
    <None Include="InstancedBasic32BF.fx">
      <Filter>FX</Filter>
    </None>
    <None Include="Post.fx">
      <Filter>FX</Filter>
    </None>
    <None Include="10.dds">
      <Filter>Resource Files</Filter>
    </None>
    <None Include="Sky.fx">
      <Filter>FX</Filter>
    </None>
    <None Include="InstancedBasicMTR.fx">
      <Filter>FX</Filter>
    </None>
    <None Include="sheep.mtl">
      <Filter>Models</Filter>
    </None>
    <None Include="sheep.obj">
      <Filter>Models</Filter>
    </None>
  </ItemGroup>
  <ItemGroup>
    <ClCompile Include="Main.cpp">
      <Filter>Source Files</Filter>
    </ClCompile>
    <ClCompile Include="Common\Camera.cpp">
      <Filter>Common</Filter>
    </ClCompile>
    <ClCompile Include="Common\d3dApp.cpp">
      <Filter>Common</Filter>
    </ClCompile>
    <ClCompile Include="Common\d3dUtil.cpp">
      <Filter>Common</Filter>
    </ClCompile>
    <ClCompile Include="Common\GameTimer.cpp">
      <Filter>Common</Filter>
    </ClCompile>
    <ClCompile Include="Common\GeometryGenerator.cpp">
      <Filter>Common</Filter>
    </ClCompile>
    <ClCompile Include="Common\LightHelper.cpp">
      <Filter>Common</Filter>
    </ClCompile>
    <ClCompile Include="Common\MathHelper.cpp">
      <Filter>Common</Filter>
    </ClCompile>
    <ClCompile Include="Common\TextureMgr.cpp">
      <Filter>Common</Filter>
    </ClCompile>
    <ClCompile Include="Common\Waves.cpp">
      <Filter>Common</Filter>
    </ClCompile>
    <ClCompile Include="Common\xnacollision.cpp">
      <Filter>Common</Filter>
    </ClCompile>
    <ClCompile Include="Vertex.cpp">
      <Filter>Source Files</Filter>
    </ClCompile>
    <ClCompile Include="Effects.cpp">
      <Filter>Source Files</Filter>
    </ClCompile>
    <ClCompile Include="RenderStates.cpp">
      <Filter>Source Files</Filter>
    </ClCompile>
    <ClCompile Include="BlurFilter.cpp">
      <Filter>Source Files</Filter>
    </ClCompile>
    <ClCompile Include="Sky.cpp">
      <Filter>Source Files</Filter>
    </ClCompile>
    <ClCompile Include="TextUtil.cpp">
      <Filter>Source Files</Filter>
    </ClCompile>
    <ClCompile Include="ObjLoader.cpp">
      <Filter>Source Files</Filter>
    </ClCompile>
  </ItemGroup>
  <ItemGroup>
    <ClInclude Include="Common\Camera.h">
      <Filter>Common</Filter>
    </ClInclude>
    <ClInclude Include="Common\d3dApp.h">
      <Filter>Common</Filter>
    </ClInclude>
    <ClInclude Include="Common\d3dUtil.h">
      <Filter>Common</Filter>
    </ClInclude>
    <ClInclude Include="Common\d3dx11effect.h">
      <Filter>Common</Filter>
    </ClInclude>
    <ClInclude Include="Common\GameTimer.h">
      <Filter>Common</Filter>
    </ClInclude>
    <ClInclude Include="Common\GeometryGenerator.h">
      <Filter>Common</Filter>
    </ClInclude>
    <ClInclude Include="Common\LightHelper.h">
      <Filter>Common</Filter>
    </ClInclude>
    <ClInclude Include="Common\MathHelper.h">
      <Filter>Common</Filter>
    </ClInclude>
    <ClInclude Include="Common\TextureMgr.h">
      <Filter>Common</Filter>
    </ClInclude>
    <ClInclude Include="Common\Waves.h">
      <Filter>Common</Filter>
    </ClInclude>
    <ClInclude Include="Common\xnacollision.h">
      <Filter>Common</Filter>
    </ClInclude>
    <ClInclude Include="Vertex.h">
      <Filter>Header Files</Filter>
    </ClInclude>
    <ClInclude Include="Effects.h">
      <Filter>Header Files</Filter>
    </ClInclude>
    <ClInclude Include="RenderStates.h">
      <Filter>Header Files</Filter>
    </ClInclude>
    <ClInclude Include="BlurFilter.h">
      <Filter>Header Files</Filter>
    </ClInclude>
    <ClInclude Include="Sky.h">
      <Filter>Header Files</Filter>
    </ClInclude>
    <ClInclude Include="TextUtil.h">
      <Filter>Header Files</Filter>
    </ClInclude>
    <ClInclude Include="ObjLoader.h">
      <Filter>Header Files</Filter>
    </ClInclude>
  </ItemGroup>
</Project>